
Microsoft Visual Studio Solution File, Format Version 12.00
# Visual Studio Version 16
VisualStudioVersion = 16.0.31105.61
MinimumVisualStudioVersion = 10.0.40219.1
Project("{FAE04EC0-301F-11D3-BF4B-00C04F79EFBC}") = "ElizaIsSilly", "ElizaIsSilly.csproj", "{EFCA60E2-EBC3-40D9-9B01-605D8F8ECDEB}"
EndProject
Global
	GlobalSection(SolutionConfigurationPlatforms) = preSolution
		Debug|Any CPU = Debug|Any CPU
		Release|Any CPU = Release|Any CPU
	EndGlobalSection
	GlobalSection(ProjectConfigurationPlatforms) = postSolution
		{EFCA60E2-EBC3-40D9-9B01-605D8F8ECDEB}.Debug|Any CPU.ActiveCfg = Debug|Any CPU
		{EFCA60E2-EBC3-40D9-9B01-605D8F8ECDEB}.Debug|Any CPU.Build.0 = Debug|Any CPU
		{EFCA60E2-EBC3-40D9-9B01-605D8F8ECDEB}.Release|Any CPU.ActiveCfg = Release|Any CPU
		{EFCA60E2-EBC3-40D9-9B01-605D8F8ECDEB}.Release|Any CPU.Build.0 = Release|Any CPU
	EndGlobalSection
	GlobalSection(SolutionProperties) = preSolution
		HideSolutionNode = FALSE
	EndGlobalSection
	GlobalSection(ExtensibilityGlobals) = postSolution
		SolutionGuid = {CFD7C902-5A6C-45ED-8491-EAD61B52B65A}
	EndGlobalSection
EndGlobal
